# This file is autogenerated, do not edit; changes may be undone by the next 'dep ensure'.


[[projects]]
  name = "github.com/BurntSushi/toml"
  packages = ["."]
  revision = "b26d9c308763d68093482582cea63d69be07a0f0"
  version = "v0.3.0"

[[projects]]
  name = "github.com/aws/aws-sdk-go"
  packages = ["aws","aws/awserr","aws/awsutil","aws/client","aws/client/metadata","aws/corehandlers","aws/credentials","aws/credentials/ec2rolecreds","aws/credentials/endpointcreds","aws/credentials/stscreds","aws/defaults","aws/ec2metadata","aws/endpoints","aws/request","aws/session","aws/signer/v4","private/protocol","private/protocol/query","private/protocol/query/queryutil","private/protocol/rest","private/protocol/restxml","private/protocol/xml/xmlutil","service/s3","service/sts"]
  revision = "2a4ef28e5761cdd06ab7fcab2615342d729ab756"

[[projects]]
  branch = "master"
  name = "github.com/aymerick/raymond"
  packages = [".","ast","lexer","parser"]
  revision = "72acac2207479d21dd45898c2a4264246c818148"

[[projects]]
  name = "github.com/gin-contrib/gzip"
  packages = ["."]
  revision = "6743ec8467f3d1f6424b1ecd770583bfa23cd82f"

[[projects]]
  name = "github.com/gin-gonic/gin"
  packages = [".","binding","render"]
  revision = "e2212d40c62a98b388a5eb48ecbdcf88534688ba"
  version = "v1.1.4"

[[projects]]
  name = "github.com/go-ini/ini"
  packages = ["."]
  revision = "e7fea39b01aea8d5671f6858f0532f56e8bff3a5"
  version = "v1.27.0"

[[projects]]
  name = "github.com/golang/protobuf"
  packages = ["proto"]
  revision = "2bba0603135d7d7f5cb73b2125beeda19c09f4ef"

[[projects]]
  branch = "master"
  name = "github.com/jmespath/go-jmespath"
  packages = ["."]
  revision = "bd40a432e4c76585ef6b72d3fd96fb9b6dc7b68d"

[[projects]]
  branch = "master"
  name = "github.com/manucorporat/sse"
  packages = ["."]
  revision = "ee05b128a739a0fb76c7ebd3ae4810c1de808d6d"

[[projects]]
  name = "github.com/mattn/go-isatty"
  packages = ["."]
  revision = "fc9e8d8ef48496124e79ae0df75490096eccf6fe"
  version = "v0.0.2"

[[projects]]
  name = "github.com/pelletier/go-buffruneio"
  packages = ["."]
  revision = "c37440a7cf42ac63b919c752ca73a85067e05992"
  version = "v0.2.0"

[[projects]]
  name = "github.com/pelletier/go-toml"
  packages = ["."]
  revision = "fe206efb84b2bc8e8cfafe6b4c1826622be969e3"

[[projects]]
  branch = "master"
  name = "github.com/xforce/ginraymond"
  packages = ["."]
  revision = "6d210969658167c1ef13586f4c16dd53ec379c56"

[[projects]]
  name = "golang.org/x/net"
  packages = ["context"]
  revision = "0b588ed7a0cd59c271d128ec8c429c1c1607e8ab"

[[projects]]
  name = "golang.org/x/sys"
  packages = ["unix"]
  revision = "9ccfe848b9db8435a24c424abbc07a921adf1df5"

[[projects]]
  name = "gopkg.in/go-playground/validator.v8"
  packages = ["."]
  revision = "5f57d2222ad794d0dffb07e664ea05e2ee07d60c"
  version = "v8.18.1"

[[projects]]
  name = "gopkg.in/olivere/elastic.v5"
  packages = [".","uritemplates"]
  revision = "6f76abde0f1f149b7d6fc47aee4c54366844f775"
  version = "v5.0.36"

[[projects]]
  name = "gopkg.in/yaml.v2"
  packages = ["."]
  revision = "cd8b52f8269e0feb286dfeef29f8fe4d5b397e0b"

[solve-meta]
  analyzer-name = "dep"
  analyzer-version = 1
  inputs-digest = "3dcb3d296511a4d1f7506fcd46c63424f72a8154a950fcef3a98aacfadf0ad3d"
  solver-name = "gps-cdcl"
  solver-version = 1
